{
  "name": "ImageCrop_assignment_ProGalaxy",
  "lockfileVersion": 2,
  "requires": true,
  "packages": {
    "": {
      "dependencies": {
        "react-crop-image": "^1.0.0"
      }
    },
    "node_modules/react-crop-image": {
      "version": "1.0.0",
      "resolved": "https://registry.npmjs.org/react-crop-image/-/react-crop-image-1.0.0.tgz",
      "integrity": "sha512-TqztXD6W1pR6rR51L4rxuhYmdjNmQ4Dw0djcJX3HqFkmihPXvktkiIqsonz/e+X7wz/QG9nTueBXTP1v+WqIXA=="
    }
  },
  "dependencies": {
    "react-crop-image": {
      "version": "1.0.0",
      "resolved": "https://registry.npmjs.org/react-crop-image/-/react-crop-image-1.0.0.tgz",
      "integrity": "sha512-TqztXD6W1pR6rR51L4rxuhYmdjNmQ4Dw0djcJX3HqFkmihPXvktkiIqsonz/e+X7wz/QG9nTueBXTP1v+WqIXA=="
    }
  }
}
