# THIS IS AN AUTOGENERATED FILE. DO NOT EDIT THIS FILE DIRECTLY.
# yarn lockfile v1


"blueimp-load-image@^5.14.0":
  "integrity" "sha512-3DUSVdOtlfNRk7moRZuTwDmA3NnG8KIJuLcq3c0J7/BIr6X3Vb/EpX3kUH1joxUhmoVF4uCpDfz7wHkz8pQajA=="
  "resolved" "https://registry.npmjs.org/blueimp-load-image/-/blueimp-load-image-5.16.0.tgz"
  "version" "5.16.0"

"clsx@^1.2.1":
  "integrity" "sha512-EcR6r5a8bj6pu3ycsa/E/cKVGuTgZJZdsyUYHOksG/UHIiKfjxzRxYJpyVBwYaQeOvghal9fcc4PidlgzugAQg=="
  "resolved" "https://registry.npmjs.org/clsx/-/clsx-1.2.1.tgz"
  "version" "1.2.1"

"exif-js@^2.3.0":
  "integrity" "sha512-1Og9pAzG2FZRVlaavH8bB8BTeHcjMdJhKmeQITkX+uLRCD0xPtKAdZ2clZmQdJ56p9adXtJ8+jwrGp/4505lYg=="
  "resolved" "https://registry.npmjs.org/exif-js/-/exif-js-2.3.0.tgz"
  "version" "2.3.0"

"js-tokens@^3.0.0 || ^4.0.0":
  "integrity" "sha512-RdJUflcE3cUzKiMqQgsCu06FPu9UdIJO0beYbPhHN4k6apgJtifcoCtT9bcxOpYBtpD2kCM6Sbzg4CausW/PKQ=="
  "resolved" "https://registry.npmjs.org/js-tokens/-/js-tokens-4.0.0.tgz"
  "version" "4.0.0"

"konva@^8.3.5":
  "integrity" "sha512-ARqdgAbdNIougRlOKvkQwHlGhXPRBV4KvhCP+qoPpGoVQwwiJe4Hkdu4HHdRPb9rGUp04jDTAxBzEwBsE272pg=="
  "resolved" "https://registry.npmjs.org/konva/-/konva-8.4.3.tgz"
  "version" "8.4.3"

"loose-envify@^1.1.0":
  "integrity" "sha512-lyuxPGr/Wfhrlem2CL/UcnUc1zcqKAImBDzukY7Y5F/yQiNdko6+fRLevlw1HgMySw7f611UIY408EtxRSoK3Q=="
  "resolved" "https://registry.npmjs.org/loose-envify/-/loose-envify-1.4.0.tgz"
  "version" "1.4.0"
  dependencies:
    "js-tokens" "^3.0.0 || ^4.0.0"

"normalize-wheel@^1.0.1":
  "integrity" "sha512-1OnlAPZ3zgrk8B91HyRj+eVv+kS5u+Z0SCsak6Xil/kmgEia50ga7zfkumayonZrImffAxPU/5WcyGhzetHNPA=="
  "resolved" "https://registry.npmjs.org/normalize-wheel/-/normalize-wheel-1.0.1.tgz"
  "version" "1.0.1"

"react-avatar-edit@^1.2.0":
  "integrity" "sha512-xTn/hC8KOTFvMagkAiLNq2yWTosCL88ZX34/CTb7dyadGSR27tc56JYBeYcLojTn2y/Hin8azT9aNVvQytAQ/w=="
  "resolved" "https://registry.npmjs.org/react-avatar-edit/-/react-avatar-edit-1.2.0.tgz"
  "version" "1.2.0"
  dependencies:
    "blueimp-load-image" "^5.14.0"
    "exif-js" "^2.3.0"
    "konva" "^8.3.5"

"react-crop-image@^1.0.0":
  "integrity" "sha512-TqztXD6W1pR6rR51L4rxuhYmdjNmQ4Dw0djcJX3HqFkmihPXvktkiIqsonz/e+X7wz/QG9nTueBXTP1v+WqIXA=="
  "resolved" "https://registry.npmjs.org/react-crop-image/-/react-crop-image-1.0.0.tgz"
  "version" "1.0.0"

"react-dom@>=16.4.0":
  "integrity" "sha512-6IMTriUmvsjHUjNtEDudZfuDQUoWXVxKHhlEGSk81n4YFS+r/Kl99wXiwlVXtPBtJenozv2P+hxDsw9eA7Xo6g=="
  "resolved" "https://registry.npmjs.org/react-dom/-/react-dom-18.2.0.tgz"
  "version" "18.2.0"
  dependencies:
    "loose-envify" "^1.1.0"
    "scheduler" "^0.23.0"

"react-easy-crop@^4.7.4":
  "integrity" "sha512-oDi1375Jo/zuPUvo3oauxnNbfy8L4wsbmHD1KB2vT55fdgu+q8/K0w/rDWzy9jz4jfQ94Q9+3Yu366sDDFVmiA=="
  "resolved" "https://registry.npmjs.org/react-easy-crop/-/react-easy-crop-4.7.4.tgz"
  "version" "4.7.4"
  dependencies:
    "normalize-wheel" "^1.0.1"
    "tslib" "2.0.1"

"react-image-crop@^10.0.9":
  "integrity" "sha512-fqn6a811cx/sE7jtu8txL4lBTwgZYuEVNvy7UPKMNMWeRcZa6v0ja11+Gd9nZQiBfaxDal3PBcKhGBLQ956UNg=="
  "resolved" "https://registry.npmjs.org/react-image-crop/-/react-image-crop-10.0.9.tgz"
  "version" "10.0.9"
  dependencies:
    "clsx" "^1.2.1"

"react@^16.x || ^17 || ^18", "react@^18.2.0", "react@>=16.13.1", "react@>=16.4.0":
  "integrity" "sha512-/3IjMdb2L9QbBdWiW5e3P2/npwMBaU9mHCSCUzNln0ZCYbcfTsGbTJrU/kGemdH2IWmB2ioZ+zkxtmq6g09fGQ=="
  "resolved" "https://registry.npmjs.org/react/-/react-18.2.0.tgz"
  "version" "18.2.0"
  dependencies:
    "loose-envify" "^1.1.0"

"scheduler@^0.23.0":
  "integrity" "sha512-CtuThmgHNg7zIZWAXi3AsyIzA3n4xx7aNyjwC2VJldO2LMVDhFK+63xGqq6CsJH4rTAt6/M+N4GhZiDYPx9eUw=="
  "resolved" "https://registry.npmjs.org/scheduler/-/scheduler-0.23.0.tgz"
  "version" "0.23.0"
  dependencies:
    "loose-envify" "^1.1.0"

"tslib@2.0.1":
  "integrity" "sha512-SgIkNheinmEBgx1IUNirK0TUD4X9yjjBRTqqjggWCU3pUEqIk3/Uwl3yRixYKT6WjQuGiwDv4NomL3wqRCj+CQ=="
  "resolved" "https://registry.npmjs.org/tslib/-/tslib-2.0.1.tgz"
  "version" "2.0.1"
